{
  "name": "fitness-tracker",
  "version": "0.0.0",
  "lockfileVersion": 1,
  "requires": true,
  "dependencies": {
    "@angular/fire": {
      "version": "6.1.4",
      "resolved": "https://registry.npmjs.org/@angular/fire/-/fire-6.1.4.tgz",
      "integrity": "sha512-5u305XnBC041JMrAtczLa0bdprxw7RkXy4kgcRCisPI8maGuiN4XzlwNYX+plCHZCo4R0motxQom//tPTA2edQ==",
      "requires": {
        "tslib": "^2.0.0"
      }
    },
    "tslib": {
      "version": "2.2.0",
      "resolved": "https://registry.npmjs.org/tslib/-/tslib-2.2.0.tgz",
      "integrity": "sha512-gS9GVHRU+RGn5KQM2rllAlR3dU6m7AcpJKdtH8gFvQiC4Otgk98XnmMU+nZenHt/+VhnBPWwgrJsyrdcw6i23w=="
    }
  }
}
